
Microsoft Visual Studio Solution File, Format Version 12.00
# Visual Studio Version 16
VisualStudioVersion = 16.0.30011.22
MinimumVisualStudioVersion = 10.0.40219.1
Project("{FAE04EC0-301F-11D3-BF4B-00C04F79EFBC}") = "m4aSharp", "m4aSharp\m4aSharp.csproj", "{DBA224BB-1EA5-4049-AD8F-A0E87DA04391}"
EndProject
Project("{FAE04EC0-301F-11D3-BF4B-00C04F79EFBC}") = "m4aSharp.Domain", "m4aSharp.Domain\m4aSharp.Domain.csproj", "{CCCE9185-C5EB-4367-BC8A-27878D9771AE}"
EndProject
Global
	GlobalSection(SolutionConfigurationPlatforms) = preSolution
		Debug|Any CPU = Debug|Any CPU
		Release|Any CPU = Release|Any CPU
	EndGlobalSection
	GlobalSection(ProjectConfigurationPlatforms) = postSolution
		{DBA224BB-1EA5-4049-AD8F-A0E87DA04391}.Debug|Any CPU.ActiveCfg = Debug|Any CPU
		{DBA224BB-1EA5-4049-AD8F-A0E87DA04391}.Debug|Any CPU.Build.0 = Debug|Any CPU
		{DBA224BB-1EA5-4049-AD8F-A0E87DA04391}.Release|Any CPU.ActiveCfg = Release|Any CPU
		{DBA224BB-1EA5-4049-AD8F-A0E87DA04391}.Release|Any CPU.Build.0 = Release|Any CPU
		{CCCE9185-C5EB-4367-BC8A-27878D9771AE}.Debug|Any CPU.ActiveCfg = Debug|Any CPU
		{CCCE9185-C5EB-4367-BC8A-27878D9771AE}.Debug|Any CPU.Build.0 = Debug|Any CPU
		{CCCE9185-C5EB-4367-BC8A-27878D9771AE}.Release|Any CPU.ActiveCfg = Release|Any CPU
		{CCCE9185-C5EB-4367-BC8A-27878D9771AE}.Release|Any CPU.Build.0 = Release|Any CPU
	EndGlobalSection
	GlobalSection(SolutionProperties) = preSolution
		HideSolutionNode = FALSE
	EndGlobalSection
	GlobalSection(ExtensibilityGlobals) = postSolution
		SolutionGuid = {0AFBB48D-D0F0-423D-9FEC-1C178E098390}
	EndGlobalSection
EndGlobal
